// !$*UTF8*$!
{
	archiveVersion = 1;
	classes = {
	};
	objectVersion = 46;
	objects = {

/* Begin PBXBuildFile section */
		ECB1BB671D7C8BE400B5E167 /* AppDelegate.swift in Sources */ = {isa = PBXBuildFile; fileRef = ECB1BB661D7C8BE400B5E167 /* AppDelegate.swift */; };
		ECB1BB691D7C8BE400B5E167 /* ViewController.swift in Sources */ = {isa = PBXBuildFile; fileRef = ECB1BB681D7C8BE400B5E167 /* ViewController.swift */; };
		ECB1BB6C1D7C8BE400B5E167 /* Main.storyboard in Resources */ = {isa = PBXBuildFile; fileRef = ECB1BB6A1D7C8BE400B5E167 /* Main.storyboard */; };
		ECB1BB6E1D7C8BE400B5E167 /* Assets.xcassets in Resources */ = {isa = PBXBuildFile; fileRef = ECB1BB6D1D7C8BE400B5E167 /* Assets.xcassets */; };
		ECB1BB711D7C8BE400B5E167 /* LaunchScreen.storyboard in Resources */ = {isa = PBXBuildFile; fileRef = ECB1BB6F1D7C8BE400B5E167 /* LaunchScreen.storyboard */; };
		ECB1BB791D7C8F4D00B5E167 /* pokemon.csv in Resources */ = {isa = PBXBuildFile; fileRef = ECB1BB781D7C8F4D00B5E167 /* pokemon.csv */; };
		ECB1BB7C1D7C937E00B5E167 /* Pokemon.swift in Sources */ = {isa = PBXBuildFile; fileRef = ECB1BB7B1D7C937E00B5E167 /* Pokemon.swift */; };
		ECB1BB7F1D7CB27700B5E167 /* PokeCell.swift in Sources */ = {isa = PBXBuildFile; fileRef = ECB1BB7E1D7CB27700B5E167 /* PokeCell.swift */; };
		ECB1BB831D7CBB0100B5E167 /* csv.swift in Sources */ = {isa = PBXBuildFile; fileRef = ECB1BB821D7CBB0100B5E167 /* csv.swift */; };
		ECB1BB861D7DEE7A00B5E167 /* Pokemon.ttf in Resources */ = {isa = PBXBuildFile; fileRef = ECB1BB851D7DEE7A00B5E167 /* Pokemon.ttf */; };
		ECB1BB881D7DF31800B5E167 /* music.mp3 in Resources */ = {isa = PBXBuildFile; fileRef = ECB1BB871D7DF31800B5E167 /* music.mp3 */; };
/* End PBXBuildFile section */

/* Begin PBXFileReference section */
		ECB1BB631D7C8BE400B5E167 /* Pokedex.app */ = {isa = PBXFileReference; explicitFileType = wrapper.application; includeInIndex = 0; path = Pokedex.app; sourceTree = BUILT_PRODUCTS_DIR; };
		ECB1BB661D7C8BE400B5E167 /* AppDelegate.swift */ = {isa = PBXFileReference; lastKnownFileType = sourcecode.swift; path = AppDelegate.swift; sourceTree = "<group>"; };
		ECB1BB681D7C8BE400B5E167 /* ViewController.swift */ = {isa = PBXFileReference; lastKnownFileType = sourcecode.swift; path = ViewController.swift; sourceTree = "<group>"; };
		ECB1BB6B1D7C8BE400B5E167 /* Base */ = {isa = PBXFileReference; lastKnownFileType = file.storyboard; name = Base; path = Base.lproj/Main.storyboard; sourceTree = "<group>"; };
		ECB1BB6D1D7C8BE400B5E167 /* Assets.xcassets */ = {isa = PBXFileReference; lastKnownFileType = folder.assetcatalog; path = Assets.xcassets; sourceTree = "<group>"; };
		ECB1BB701D7C8BE400B5E167 /* Base */ = {isa = PBXFileReference; lastKnownFileType = file.storyboard; name = Base; path = Base.lproj/LaunchScreen.storyboard; sourceTree = "<group>"; };
		ECB1BB721D7C8BE400B5E167 /* Info.plist */ = {isa = PBXFileReference; lastKnownFileType = text.plist.xml; path = Info.plist; sourceTree = "<group>"; };
		ECB1BB781D7C8F4D00B5E167 /* pokemon.csv */ = {isa = PBXFileReference; fileEncoding = 4; lastKnownFileType = text; path = pokemon.csv; sourceTree = "<group>"; };
		ECB1BB7B1D7C937E00B5E167 /* Pokemon.swift */ = {isa = PBXFileReference; fileEncoding = 4; lastKnownFileType = sourcecode.swift; path = Pokemon.swift; sourceTree = "<group>"; };
		ECB1BB7E1D7CB27700B5E167 /* PokeCell.swift */ = {isa = PBXFileReference; fileEncoding = 4; lastKnownFileType = sourcecode.swift; path = PokeCell.swift; sourceTree = "<group>"; };
		ECB1BB821D7CBB0100B5E167 /* csv.swift */ = {isa = PBXFileReference; fileEncoding = 4; lastKnownFileType = sourcecode.swift; path = csv.swift; sourceTree = "<group>"; };
		ECB1BB851D7DEE7A00B5E167 /* Pokemon.ttf */ = {isa = PBXFileReference; lastKnownFileType = file; path = Pokemon.ttf; sourceTree = "<group>"; };
		ECB1BB871D7DF31800B5E167 /* music.mp3 */ = {isa = PBXFileReference; lastKnownFileType = audio.mp3; path = music.mp3; sourceTree = "<group>"; };
/* End PBXFileReference section */

/* Begin PBXFrameworksBuildPhase section */
		ECB1BB601D7C8BE400B5E167 /* Frameworks */ = {
			isa = PBXFrameworksBuildPhase;
			buildActionMask = 2147483647;
			files = (
			);
			runOnlyForDeploymentPostprocessing = 0;
		};
/* End PBXFrameworksBuildPhase section */

/* Begin PBXGroup section */
		ECB1BB5A1D7C8BE300B5E167 = {
			isa = PBXGroup;
			children = (
				ECB1BB651D7C8BE400B5E167 /* Pokedex */,
				ECB1BB641D7C8BE400B5E167 /* Products */,
			);
			sourceTree = "<group>";
		};
		ECB1BB641D7C8BE400B5E167 /* Products */ = {
			isa = PBXGroup;
			children = (
				ECB1BB631D7C8BE400B5E167 /* Pokedex.app */,
			);
			name = Products;
			sourceTree = "<group>";
		};
		ECB1BB651D7C8BE400B5E167 /* Pokedex */ = {
			isa = PBXGroup;
			children = (
				ECB1BB841D7CBB1800B5E167 /* Resources */,
				ECB1BB7A1D7C934E00B5E167 /* Model */,
				ECB1BB7D1D7CB24800B5E167 /* View */,
				ECB1BB801D7CBAD000B5E167 /* Controller */,
				ECB1BB811D7CBADD00B5E167 /* Util */,
				ECB1BB661D7C8BE400B5E167 /* AppDelegate.swift */,
				ECB1BB6A1D7C8BE400B5E167 /* Main.storyboard */,
				ECB1BB6D1D7C8BE400B5E167 /* Assets.xcassets */,
				ECB1BB6F1D7C8BE400B5E167 /* LaunchScreen.storyboard */,
				ECB1BB721D7C8BE400B5E167 /* Info.plist */,
			);
			path = Pokedex;
			sourceTree = "<group>";
		};
		ECB1BB7A1D7C934E00B5E167 /* Model */ = {
			isa = PBXGroup;
			children = (
				ECB1BB7B1D7C937E00B5E167 /* Pokemon.swift */,
			);
			name = Model;
			sourceTree = "<group>";
		};
		ECB1BB7D1D7CB24800B5E167 /* View */ = {
			isa = PBXGroup;
			children = (
				ECB1BB7E1D7CB27700B5E167 /* PokeCell.swift */,
			);
			name = View;
			sourceTree = "<group>";
		};
		ECB1BB801D7CBAD000B5E167 /* Controller */ = {
			isa = PBXGroup;
			children = (
				ECB1BB681D7C8BE400B5E167 /* ViewController.swift */,
			);
			name = Controller;
			sourceTree = "<group>";
		};
		ECB1BB811D7CBADD00B5E167 /* Util */ = {
			isa = PBXGroup;
			children = (
				ECB1BB821D7CBB0100B5E167 /* csv.swift */,
			);
			name = Util;
			sourceTree = "<group>";
		};
		ECB1BB841D7CBB1800B5E167 /* Resources */ = {
			isa = PBXGroup;
			children = (
				ECB1BB871D7DF31800B5E167 /* music.mp3 */,
				ECB1BB851D7DEE7A00B5E167 /* Pokemon.ttf */,
				ECB1BB781D7C8F4D00B5E167 /* pokemon.csv */,
			);
			name = Resources;
			sourceTree = "<group>";
		};
/* End PBXGroup section */

/* Begin PBXNativeTarget section */
		ECB1BB621D7C8BE400B5E167 /* Pokedex */ = {
			isa = PBXNativeTarget;
			buildConfigurationList = ECB1BB751D7C8BE400B5E167 /* Build configuration list for PBXNativeTarget "Pokedex" */;
			buildPhases = (
				ECB1BB5F1D7C8BE400B5E167 /* Sources */,
				ECB1BB601D7C8BE400B5E167 /* Frameworks */,
				ECB1BB611D7C8BE400B5E167 /* Resources */,
			);
			buildRules = (
			);
			dependencies = (
			);
			name = Pokedex;
			productName = Pokedex;
			productReference = ECB1BB631D7C8BE400B5E167 /* Pokedex.app */;
			productType = "com.apple.product-type.application";
		};
/* End PBXNativeTarget section */

/* Begin PBXProject section */
		ECB1BB5B1D7C8BE300B5E167 /* Project object */ = {
			isa = PBXProject;
			attributes = {
				LastSwiftUpdateCheck = 0730;
				LastUpgradeCheck = 0730;
				ORGANIZATIONNAME = "Elias Salokivi";
				TargetAttributes = {
					ECB1BB621D7C8BE400B5E167 = {
						CreatedOnToolsVersion = 7.3.1;
						DevelopmentTeam = HPYS6Y67GA;
					};
				};
			};
			buildConfigurationList = ECB1BB5E1D7C8BE300B5E167 /* Build configuration list for PBXProject "Pokedex" */;
			compatibilityVersion = "Xcode 3.2";
			developmentRegion = English;
			hasScannedForEncodings = 0;
			knownRegions = (
				en,
				Base,
			);
			mainGroup = ECB1BB5A1D7C8BE300B5E167;
			productRefGroup = ECB1BB641D7C8BE400B5E167 /* Products */;
			projectDirPath = "";
			projectRoot = "";
			targets = (
				ECB1BB621D7C8BE400B5E167 /* Pokedex */,
			);
		};
/* End PBXProject section */

/* Begin PBXResourcesBuildPhase section */
		ECB1BB611D7C8BE400B5E167 /* Resources */ = {
			isa = PBXResourcesBuildPhase;
			buildActionMask = 2147483647;
			files = (
				ECB1BB711D7C8BE400B5E167 /* LaunchScreen.storyboard in Resources */,
				ECB1BB861D7DEE7A00B5E167 /* Pokemon.ttf in Resources */,
				ECB1BB881D7DF31800B5E167 /* music.mp3 in Resources */,
				ECB1BB6E1D7C8BE400B5E167 /* Assets.xcassets in Resources */,
				ECB1BB791D7C8F4D00B5E167 /* pokemon.csv in Resources */,
				ECB1BB6C1D7C8BE400B5E167 /* Main.storyboard in Resources */,
			);
			runOnlyForDeploymentPostprocessing = 0;
		};
/* End PBXResourcesBuildPhase section */

/* Begin PBXSourcesBuildPhase section */
		ECB1BB5F1D7C8BE400B5E167 /* Sources */ = {
			isa = PBXSourcesBuildPhase;
			buildActionMask = 2147483647;
			files = (
				ECB1BB7F1D7CB27700B5E167 /* PokeCell.swift in Sources */,
				ECB1BB691D7C8BE400B5E167 /* ViewController.swift in Sources */,
				ECB1BB671D7C8BE400B5E167 /* AppDelegate.swift in Sources */,
				ECB1BB7C1D7C937E00B5E167 /* Pokemon.swift in Sources */,
				ECB1BB831D7CBB0100B5E167 /* csv.swift in Sources */,
			);
			runOnlyForDeploymentPostprocessing = 0;
		};
/* End PBXSourcesBuildPhase section */

/* Begin PBXVariantGroup section */
		ECB1BB6A1D7C8BE400B5E167 /* Main.storyboard */ = {
			isa = PBXVariantGroup;
			children = (
				ECB1BB6B1D7C8BE400B5E167 /* Base */,
			);
			name = Main.storyboard;
			sourceTree = "<group>";
		};
		ECB1BB6F1D7C8BE400B5E167 /* LaunchScreen.storyboard */ = {
			isa = PBXVariantGroup;
			children = (
				ECB1BB701D7C8BE400B5E167 /* Base */,
			);
			name = LaunchScreen.storyboard;
			sourceTree = "<group>";
		};
/* End PBXVariantGroup section */

/* Begin XCBuildConfiguration section */
		ECB1BB731D7C8BE400B5E167 /* Debug */ = {
			isa = XCBuildConfiguration;
			buildSettings = {
				ALWAYS_SEARCH_USER_PATHS = NO;
				CLANG_ANALYZER_NONNULL = YES;
				CLANG_CXX_LANGUAGE_STANDARD = "gnu++0x";
				CLANG_CXX_LIBRARY = "libc++";
				CLANG_ENABLE_MODULES = YES;
				CLANG_ENABLE_OBJC_ARC = YES;
				CLANG_WARN_BOOL_CONVERSION = YES;
				CLANG_WARN_CONSTANT_CONVERSION = YES;
				CLANG_WARN_DIRECT_OBJC_ISA_USAGE = YES_ERROR;
				CLANG_WARN_EMPTY_BODY = YES;
				CLANG_WARN_ENUM_CONVERSION = YES;
				CLANG_WARN_INT_CONVERSION = YES;
				CLANG_WARN_OBJC_ROOT_CLASS = YES_ERROR;
				CLANG_WARN_UNREACHABLE_CODE = YES;
				CLANG_WARN__DUPLICATE_METHOD_MATCH = YES;
				"CODE_SIGN_IDENTITY[sdk=iphoneos*]" = "iPhone Developer";
				COPY_PHASE_STRIP = NO;
				DEBUG_INFORMATION_FORMAT = dwarf;
				ENABLE_STRICT_OBJC_MSGSEND = YES;
				ENABLE_TESTABILITY = YES;
				GCC_C_LANGUAGE_STANDARD = gnu99;
				GCC_DYNAMIC_NO_PIC = NO;
				GCC_NO_COMMON_BLOCKS = YES;
				GCC_OPTIMIZATION_LEVEL = 0;
				GCC_PREPROCESSOR_DEFINITIONS = (
					"DEBUG=1",
					"$(inherited)",
				);
				GCC_WARN_64_TO_32_BIT_CONVERSION = YES;
				GCC_WARN_ABOUT_RETURN_TYPE = YES_ERROR;
				GCC_WARN_UNDECLARED_SELECTOR = YES;
				GCC_WARN_UNINITIALIZED_AUTOS = YES_AGGRESSIVE;
				GCC_WARN_UNUSED_FUNCTION = YES;
				GCC_WARN_UNUSED_VARIABLE = YES;
				IPHONEOS_DEPLOYMENT_TARGET = 9.3;
				MTL_ENABLE_DEBUG_INFO = YES;
				ONLY_ACTIVE_ARCH = YES;
				SDKROOT = iphoneos;
				SWIFT_OPTIMIZATION_LEVEL = "-Onone";
				TARGETED_DEVICE_FAMILY = "1,2";
			};
			name = Debug;
		};
		ECB1BB741D7C8BE400B5E167 /* Release */ = {
			isa = XCBuildConfiguration;
			buildSettings = {
				ALWAYS_SEARCH_USER_PATHS = NO;
				CLANG_ANALYZER_NONNULL = YES;
				CLANG_CXX_LANGUAGE_STANDARD = "gnu++0x";
				CLANG_CXX_LIBRARY = "libc++";
				CLANG_ENABLE_MODULES = YES;
				CLANG_ENABLE_OBJC_ARC = YES;
				CLANG_WARN_BOOL_CONVERSION = YES;
				CLANG_WARN_CONSTANT_CONVERSION = YES;
				CLANG_WARN_DIRECT_OBJC_ISA_USAGE = YES_ERROR;
				CLANG_WARN_EMPTY_BODY = YES;
				CLANG_WARN_ENUM_CONVERSION = YES;
				CLANG_WARN_INT_CONVERSION = YES;
				CLANG_WARN_OBJC_ROOT_CLASS = YES_ERROR;
				CLANG_WARN_UNREACHABLE_CODE = YES;
				CLANG_WARN__DUPLICATE_METHOD_MATCH = YES;
				"CODE_SIGN_IDENTITY[sdk=iphoneos*]" = "iPhone Developer";
				COPY_PHASE_STRIP = NO;
				DEBUG_INFORMATION_FORMAT = "dwarf-with-dsym";
				ENABLE_NS_ASSERTIONS = NO;
				ENABLE_STRICT_OBJC_MSGSEND = YES;
				GCC_C_LANGUAGE_STANDARD = gnu99;
				GCC_NO_COMMON_BLOCKS = YES;
				GCC_WARN_64_TO_32_BIT_CONVERSION = YES;
				GCC_WARN_ABOUT_RETURN_TYPE = YES_ERROR;
				GCC_WARN_UNDECLARED_SELECTOR = YES;
				GCC_WARN_UNINITIALIZED_AUTOS = YES_AGGRESSIVE;
				GCC_WARN_UNUSED_FUNCTION = YES;
				GCC_WARN_UNUSED_VARIABLE = YES;
				IPHONEOS_DEPLOYMENT_TARGET = 9.3;
				MTL_ENABLE_DEBUG_INFO = NO;
				SDKROOT = iphoneos;
				TARGETED_DEVICE_FAMILY = "1,2";
				VALIDATE_PRODUCT = YES;
			};
			name = Release;
		};
		ECB1BB761D7C8BE400B5E167 /* Debug */ = {
			isa = XCBuildConfiguration;
			buildSettings = {
				ASSETCATALOG_COMPILER_APPICON_NAME = AppIcon;
				CODE_SIGN_IDENTITY = "iPhone Developer";
				"CODE_SIGN_IDENTITY[sdk=iphoneos*]" = "iPhone Developer";
				INFOPLIST_FILE = Pokedex/Info.plist;
				LD_RUNPATH_SEARCH_PATHS = "$(inherited) @executable_path/Frameworks";
				PRODUCT_BUNDLE_IDENTIFIER = com.salokivi.Pokedex;
				PRODUCT_NAME = "$(TARGET_NAME)";
				PROVISIONING_PROFILE = "";
			};
			name = Debug;
		};
		ECB1BB771D7C8BE400B5E167 /* Release */ = {
			isa = XCBuildConfiguration;
			buildSettings = {
				ASSETCATALOG_COMPILER_APPICON_NAME = AppIcon;
				CODE_SIGN_IDENTITY = "iPhone Developer";
				"CODE_SIGN_IDENTITY[sdk=iphoneos*]" = "iPhone Developer";
				INFOPLIST_FILE = Pokedex/Info.plist;
				LD_RUNPATH_SEARCH_PATHS = "$(inherited) @executable_path/Frameworks";
				PRODUCT_BUNDLE_IDENTIFIER = com.salokivi.Pokedex;
				PRODUCT_NAME = "$(TARGET_NAME)";
				PROVISIONING_PROFILE = "";
			};
			name = Release;
		};
/* End XCBuildConfiguration section */

/* Begin XCConfigurationList section */
		ECB1BB5E1D7C8BE300B5E167 /* Build configuration list for PBXProject "Pokedex" */ = {
			isa = XCConfigurationList;
			buildConfigurations = (
				ECB1BB731D7C8BE400B5E167 /* Debug */,
				ECB1BB741D7C8BE400B5E167 /* Release */,
			);
			defaultConfigurationIsVisible = 0;
			defaultConfigurationName = Release;
		};
		ECB1BB751D7C8BE400B5E167 /* Build configuration list for PBXNativeTarget "Pokedex" */ = {
			isa = XCConfigurationList;
			buildConfigurations = (
				ECB1BB761D7C8BE400B5E167 /* Debug */,
				ECB1BB771D7C8BE400B5E167 /* Release */,
			);
			defaultConfigurationIsVisible = 0;
		};
/* End XCConfigurationList section */
	};
	rootObject = ECB1BB5B1D7C8BE300B5E167 /* Project object */;
}
